PODS:
  - Flutter (1.0.0)
  - spotify_sdk (0.0.1):
    - Flutter

DEPENDENCIES:
  - Flutter (from `Flutter`)
  - spotify_sdk (from `.symlinks/plugins/spotify_sdk/ios`)

EXTERNAL SOURCES:
  Flutter:
    :path: Flutter
  spotify_sdk:
    :path: ".symlinks/plugins/spotify_sdk/ios"

SPEC CHECKSUMS:
  Flutter: 0e3d915762c693b495b44d77113d4970485de6ec
  spotify_sdk: f726e8b4d4da695fcd134b52a6365dfde0e38390

PODFILE CHECKSUM: aafe91acc616949ddb318b77800a7f51bffa2a4c

COCOAPODS: 1.9.3
